
Microsoft Visual Studio Solution File, Format Version 12.00
# Visual Studio Version 17
VisualStudioVersion = 17.14.36127.28 d17.14
MinimumVisualStudioVersion = 10.0.40219.1
Project("{FAE04EC0-301F-11D3-BF4B-00C04F79EFBC}") = "BusinessObjects", "..\BusinessObjects\BusinessObjects.csproj", "{96F742E0-161A-4809-AC38-EC48BCC959B9}"
EndProject
Project("{FAE04EC0-301F-11D3-BF4B-00C04F79EFBC}") = "DataAccessObjects", "..\DataAccessObjects\DataAccessObjects.csproj", "{89836827-49E7-4D27-93EB-2B800D781837}"
EndProject
Project("{FAE04EC0-301F-11D3-BF4B-00C04F79EFBC}") = "Repositories", "..\Repositories\Repositories.csproj", "{5ABB7BA7-B428-47CF-A373-5AE05DE6C9B9}"
EndProject
Project("{FAE04EC0-301F-11D3-BF4B-00C04F79EFBC}") = "Services", "..\Services\Services.csproj", "{0C474823-DD52-45A2-AE58-3CFE6C612493}"
EndProject
Project("{FAE04EC0-301F-11D3-BF4B-00C04F79EFBC}") = "WPFApp", "..\WPFApp\WPFApp.csproj", "{9982EE2C-615D-448D-80B5-A7E590CCEDC7}"
EndProject
Global
	GlobalSection(SolutionConfigurationPlatforms) = preSolution
		Debug|Any CPU = Debug|Any CPU
		Release|Any CPU = Release|Any CPU
	EndGlobalSection
	GlobalSection(ProjectConfigurationPlatforms) = postSolution
		{96F742E0-161A-4809-AC38-EC48BCC959B9}.Debug|Any CPU.ActiveCfg = Debug|Any CPU
		{96F742E0-161A-4809-AC38-EC48BCC959B9}.Debug|Any CPU.Build.0 = Debug|Any CPU
		{96F742E0-161A-4809-AC38-EC48BCC959B9}.Release|Any CPU.ActiveCfg = Release|Any CPU
		{96F742E0-161A-4809-AC38-EC48BCC959B9}.Release|Any CPU.Build.0 = Release|Any CPU
		{89836827-49E7-4D27-93EB-2B800D781837}.Debug|Any CPU.ActiveCfg = Debug|Any CPU
		{89836827-49E7-4D27-93EB-2B800D781837}.Debug|Any CPU.Build.0 = Debug|Any CPU
		{89836827-49E7-4D27-93EB-2B800D781837}.Release|Any CPU.ActiveCfg = Release|Any CPU
		{89836827-49E7-4D27-93EB-2B800D781837}.Release|Any CPU.Build.0 = Release|Any CPU
		{5ABB7BA7-B428-47CF-A373-5AE05DE6C9B9}.Debug|Any CPU.ActiveCfg = Debug|Any CPU
		{5ABB7BA7-B428-47CF-A373-5AE05DE6C9B9}.Debug|Any CPU.Build.0 = Debug|Any CPU
		{5ABB7BA7-B428-47CF-A373-5AE05DE6C9B9}.Release|Any CPU.ActiveCfg = Release|Any CPU
		{5ABB7BA7-B428-47CF-A373-5AE05DE6C9B9}.Release|Any CPU.Build.0 = Release|Any CPU
		{0C474823-DD52-45A2-AE58-3CFE6C612493}.Debug|Any CPU.ActiveCfg = Debug|Any CPU
		{0C474823-DD52-45A2-AE58-3CFE6C612493}.Debug|Any CPU.Build.0 = Debug|Any CPU
		{0C474823-DD52-45A2-AE58-3CFE6C612493}.Release|Any CPU.ActiveCfg = Release|Any CPU
		{0C474823-DD52-45A2-AE58-3CFE6C612493}.Release|Any CPU.Build.0 = Release|Any CPU
		{9982EE2C-615D-448D-80B5-A7E590CCEDC7}.Debug|Any CPU.ActiveCfg = Debug|Any CPU
		{9982EE2C-615D-448D-80B5-A7E590CCEDC7}.Debug|Any CPU.Build.0 = Debug|Any CPU
		{9982EE2C-615D-448D-80B5-A7E590CCEDC7}.Release|Any CPU.ActiveCfg = Release|Any CPU
		{9982EE2C-615D-448D-80B5-A7E590CCEDC7}.Release|Any CPU.Build.0 = Release|Any CPU
	EndGlobalSection
	GlobalSection(SolutionProperties) = preSolution
		HideSolutionNode = FALSE
	EndGlobalSection
	GlobalSection(ExtensibilityGlobals) = postSolution
		SolutionGuid = {0506DAA0-C527-4AE9-AB59-5D247846B172}
	EndGlobalSection
EndGlobal
